// !$*UTF8*$!
{
	archiveVersion = 1;
	classes = {
	};
	objectVersion = 50;
	objects = {

/* Begin PBXBuildFile section */
		DC2AFBFD2280C9D7001800F1 /* AppDelegate.swift in Sources */ = {isa = PBXBuildFile; fileRef = DC2AFBFC2280C9D7001800F1 /* AppDelegate.swift */; };
		DC2AFC022280C9D7001800F1 /* Main.storyboard in Resources */ = {isa = PBXBuildFile; fileRef = DC2AFC002280C9D7001800F1 /* Main.storyboard */; };
		DC2AFC042280C9D8001800F1 /* Assets.xcassets in Resources */ = {isa = PBXBuildFile; fileRef = DC2AFC032280C9D8001800F1 /* Assets.xcassets */; };
		DC2AFC072280C9D8001800F1 /* LaunchScreen.storyboard in Resources */ = {isa = PBXBuildFile; fileRef = DC2AFC052280C9D8001800F1 /* LaunchScreen.storyboard */; };
		DC2AFC122280C9D8001800F1 /* AlarmTests.swift in Sources */ = {isa = PBXBuildFile; fileRef = DC2AFC112280C9D8001800F1 /* AlarmTests.swift */; };
		DC2AFC1E2280CAEB001800F1 /* AlarmListTableViewController.swift in Sources */ = {isa = PBXBuildFile; fileRef = DC2AFC1D2280CAEB001800F1 /* AlarmListTableViewController.swift */; };
		DC2AFC212280CB84001800F1 /* AlarmDetailTableViewController.swift in Sources */ = {isa = PBXBuildFile; fileRef = DC2AFC202280CB84001800F1 /* AlarmDetailTableViewController.swift */; };
		DC2AFC232280CD0E001800F1 /* SwitchTableViewCell.swift in Sources */ = {isa = PBXBuildFile; fileRef = DC2AFC222280CD0E001800F1 /* SwitchTableViewCell.swift */; };
		DC2AFC262280D331001800F1 /* Alarm.swift in Sources */ = {isa = PBXBuildFile; fileRef = DC2AFC252280D331001800F1 /* Alarm.swift */; };
		DC2AFC292280D3F5001800F1 /* AlarmController.swift in Sources */ = {isa = PBXBuildFile; fileRef = DC2AFC282280D3F5001800F1 /* AlarmController.swift */; };
/* End PBXBuildFile section */

/* Begin PBXContainerItemProxy section */
		DC2AFC0E2280C9D8001800F1 /* PBXContainerItemProxy */ = {
			isa = PBXContainerItemProxy;
			containerPortal = DC2AFBF12280C9D7001800F1 /* Project object */;
			proxyType = 1;
			remoteGlobalIDString = DC2AFBF82280C9D7001800F1;
			remoteInfo = Alarm;
		};
/* End PBXContainerItemProxy section */

/* Begin PBXFileReference section */
		DC2AFBF92280C9D7001800F1 /* Alarm.app */ = {isa = PBXFileReference; explicitFileType = wrapper.application; includeInIndex = 0; path = Alarm.app; sourceTree = BUILT_PRODUCTS_DIR; };
		DC2AFBFC2280C9D7001800F1 /* AppDelegate.swift */ = {isa = PBXFileReference; lastKnownFileType = sourcecode.swift; path = AppDelegate.swift; sourceTree = "<group>"; };
		DC2AFC012280C9D7001800F1 /* Base */ = {isa = PBXFileReference; lastKnownFileType = file.storyboard; name = Base; path = Base.lproj/Main.storyboard; sourceTree = "<group>"; };
		DC2AFC032280C9D8001800F1 /* Assets.xcassets */ = {isa = PBXFileReference; lastKnownFileType = folder.assetcatalog; path = Assets.xcassets; sourceTree = "<group>"; };
		DC2AFC062280C9D8001800F1 /* Base */ = {isa = PBXFileReference; lastKnownFileType = file.storyboard; name = Base; path = Base.lproj/LaunchScreen.storyboard; sourceTree = "<group>"; };
		DC2AFC082280C9D8001800F1 /* Info.plist */ = {isa = PBXFileReference; lastKnownFileType = text.plist.xml; path = Info.plist; sourceTree = "<group>"; };
		DC2AFC0D2280C9D8001800F1 /* AlarmTests.xctest */ = {isa = PBXFileReference; explicitFileType = wrapper.cfbundle; includeInIndex = 0; path = AlarmTests.xctest; sourceTree = BUILT_PRODUCTS_DIR; };
		DC2AFC112280C9D8001800F1 /* AlarmTests.swift */ = {isa = PBXFileReference; lastKnownFileType = sourcecode.swift; path = AlarmTests.swift; sourceTree = "<group>"; };
		DC2AFC132280C9D8001800F1 /* Info.plist */ = {isa = PBXFileReference; lastKnownFileType = text.plist.xml; path = Info.plist; sourceTree = "<group>"; };
		DC2AFC1D2280CAEB001800F1 /* AlarmListTableViewController.swift */ = {isa = PBXFileReference; lastKnownFileType = sourcecode.swift; path = AlarmListTableViewController.swift; sourceTree = "<group>"; };
		DC2AFC202280CB84001800F1 /* AlarmDetailTableViewController.swift */ = {isa = PBXFileReference; lastKnownFileType = sourcecode.swift; path = AlarmDetailTableViewController.swift; sourceTree = "<group>"; };
		DC2AFC222280CD0E001800F1 /* SwitchTableViewCell.swift */ = {isa = PBXFileReference; lastKnownFileType = sourcecode.swift; path = SwitchTableViewCell.swift; sourceTree = "<group>"; };
		DC2AFC252280D331001800F1 /* Alarm.swift */ = {isa = PBXFileReference; lastKnownFileType = sourcecode.swift; path = Alarm.swift; sourceTree = "<group>"; };
		DC2AFC282280D3F5001800F1 /* AlarmController.swift */ = {isa = PBXFileReference; lastKnownFileType = sourcecode.swift; path = AlarmController.swift; sourceTree = "<group>"; };
/* End PBXFileReference section */

/* Begin PBXFrameworksBuildPhase section */
		DC2AFBF62280C9D7001800F1 /* Frameworks */ = {
			isa = PBXFrameworksBuildPhase;
			buildActionMask = 2147483647;
			files = (
			);
			runOnlyForDeploymentPostprocessing = 0;
		};
		DC2AFC0A2280C9D8001800F1 /* Frameworks */ = {
			isa = PBXFrameworksBuildPhase;
			buildActionMask = 2147483647;
			files = (
			);
			runOnlyForDeploymentPostprocessing = 0;
		};
/* End PBXFrameworksBuildPhase section */

/* Begin PBXGroup section */
		DC2AFBF02280C9D7001800F1 = {
			isa = PBXGroup;
			children = (
				DC2AFBFB2280C9D7001800F1 /* Alarm */,
				DC2AFC102280C9D8001800F1 /* AlarmTests */,
				DC2AFBFA2280C9D7001800F1 /* Products */,
			);
			sourceTree = "<group>";
		};
		DC2AFBFA2280C9D7001800F1 /* Products */ = {
			isa = PBXGroup;
			children = (
				DC2AFBF92280C9D7001800F1 /* Alarm.app */,
				DC2AFC0D2280C9D8001800F1 /* AlarmTests.xctest */,
			);
			name = Products;
			sourceTree = "<group>";
		};
		DC2AFBFB2280C9D7001800F1 /* Alarm */ = {
			isa = PBXGroup;
			children = (
				DC2AFC1C2280CA2A001800F1 /* Resources */,
				DC2AFC002280C9D7001800F1 /* Main.storyboard */,
				DC2AFC1F2280CAEF001800F1 /* ViewControllers */,
				DC2AFC242280CD17001800F1 /* Views */,
				DC2AFC272280D3DE001800F1 /* Model */,
				DC2AFC2A2280D463001800F1 /* Model Controller */,
			);
			path = Alarm;
			sourceTree = "<group>";
		};
		DC2AFC102280C9D8001800F1 /* AlarmTests */ = {
			isa = PBXGroup;
			children = (
				DC2AFC112280C9D8001800F1 /* AlarmTests.swift */,
				DC2AFC132280C9D8001800F1 /* Info.plist */,
			);
			path = AlarmTests;
			sourceTree = "<group>";
		};
		DC2AFC1C2280CA2A001800F1 /* Resources */ = {
			isa = PBXGroup;
			children = (
				DC2AFBFC2280C9D7001800F1 /* AppDelegate.swift */,
				DC2AFC032280C9D8001800F1 /* Assets.xcassets */,
				DC2AFC052280C9D8001800F1 /* LaunchScreen.storyboard */,
				DC2AFC082280C9D8001800F1 /* Info.plist */,
			);
			path = Resources;
			sourceTree = "<group>";
		};
		DC2AFC1F2280CAEF001800F1 /* ViewControllers */ = {
			isa = PBXGroup;
			children = (
				DC2AFC1D2280CAEB001800F1 /* AlarmListTableViewController.swift */,
				DC2AFC202280CB84001800F1 /* AlarmDetailTableViewController.swift */,
			);
			path = ViewControllers;
			sourceTree = "<group>";
		};
		DC2AFC242280CD17001800F1 /* Views */ = {
			isa = PBXGroup;
			children = (
				DC2AFC222280CD0E001800F1 /* SwitchTableViewCell.swift */,
			);
			path = Views;
			sourceTree = "<group>";
		};
		DC2AFC272280D3DE001800F1 /* Model */ = {
			isa = PBXGroup;
			children = (
				DC2AFC252280D331001800F1 /* Alarm.swift */,
			);
			path = Model;
			sourceTree = "<group>";
		};
		DC2AFC2A2280D463001800F1 /* Model Controller */ = {
			isa = PBXGroup;
			children = (
				DC2AFC282280D3F5001800F1 /* AlarmController.swift */,
			);
			path = "Model Controller";
			sourceTree = "<group>";
		};
/* End PBXGroup section */

/* Begin PBXNativeTarget section */
		DC2AFBF82280C9D7001800F1 /* Alarm */ = {
			isa = PBXNativeTarget;
			buildConfigurationList = DC2AFC162280C9D8001800F1 /* Build configuration list for PBXNativeTarget "Alarm" */;
			buildPhases = (
				DC2AFBF52280C9D7001800F1 /* Sources */,
				DC2AFBF62280C9D7001800F1 /* Frameworks */,
				DC2AFBF72280C9D7001800F1 /* Resources */,
			);
			buildRules = (
			);
			dependencies = (
			);
			name = Alarm;
			productName = Alarm;
			productReference = DC2AFBF92280C9D7001800F1 /* Alarm.app */;
			productType = "com.apple.product-type.application";
		};
		DC2AFC0C2280C9D8001800F1 /* AlarmTests */ = {
			isa = PBXNativeTarget;
			buildConfigurationList = DC2AFC192280C9D8001800F1 /* Build configuration list for PBXNativeTarget "AlarmTests" */;
			buildPhases = (
				DC2AFC092280C9D8001800F1 /* Sources */,
				DC2AFC0A2280C9D8001800F1 /* Frameworks */,
				DC2AFC0B2280C9D8001800F1 /* Resources */,
			);
			buildRules = (
			);
			dependencies = (
				DC2AFC0F2280C9D8001800F1 /* PBXTargetDependency */,
			);
			name = AlarmTests;
			productName = AlarmTests;
			productReference = DC2AFC0D2280C9D8001800F1 /* AlarmTests.xctest */;
			productType = "com.apple.product-type.bundle.unit-test";
		};
/* End PBXNativeTarget section */

/* Begin PBXProject section */
		DC2AFBF12280C9D7001800F1 /* Project object */ = {
			isa = PBXProject;
			attributes = {
				LastSwiftUpdateCheck = 1020;
				LastUpgradeCheck = 1020;
				ORGANIZATIONNAME = DevMountain;
				TargetAttributes = {
					DC2AFBF82280C9D7001800F1 = {
						CreatedOnToolsVersion = 10.2.1;
					};
					DC2AFC0C2280C9D8001800F1 = {
						CreatedOnToolsVersion = 10.2.1;
						TestTargetID = DC2AFBF82280C9D7001800F1;
					};
				};
			};
			buildConfigurationList = DC2AFBF42280C9D7001800F1 /* Build configuration list for PBXProject "Alarm" */;
			compatibilityVersion = "Xcode 9.3";
			developmentRegion = en;
			hasScannedForEncodings = 0;
			knownRegions = (
				en,
				Base,
			);
			mainGroup = DC2AFBF02280C9D7001800F1;
			productRefGroup = DC2AFBFA2280C9D7001800F1 /* Products */;
			projectDirPath = "";
			projectRoot = "";
			targets = (
				DC2AFBF82280C9D7001800F1 /* Alarm */,
				DC2AFC0C2280C9D8001800F1 /* AlarmTests */,
			);
		};
/* End PBXProject section */

/* Begin PBXResourcesBuildPhase section */
		DC2AFBF72280C9D7001800F1 /* Resources */ = {
			isa = PBXResourcesBuildPhase;
			buildActionMask = 2147483647;
			files = (
				DC2AFC072280C9D8001800F1 /* LaunchScreen.storyboard in Resources */,
				DC2AFC042280C9D8001800F1 /* Assets.xcassets in Resources */,
				DC2AFC022280C9D7001800F1 /* Main.storyboard in Resources */,
			);
			runOnlyForDeploymentPostprocessing = 0;
		};
		DC2AFC0B2280C9D8001800F1 /* Resources */ = {
			isa = PBXResourcesBuildPhase;
			buildActionMask = 2147483647;
			files = (
			);
			runOnlyForDeploymentPostprocessing = 0;
		};
/* End PBXResourcesBuildPhase section */

/* Begin PBXSourcesBuildPhase section */
		DC2AFBF52280C9D7001800F1 /* Sources */ = {
			isa = PBXSourcesBuildPhase;
			buildActionMask = 2147483647;
			files = (
				DC2AFC212280CB84001800F1 /* AlarmDetailTableViewController.swift in Sources */,
				DC2AFC232280CD0E001800F1 /* SwitchTableViewCell.swift in Sources */,
				DC2AFC262280D331001800F1 /* Alarm.swift in Sources */,
				DC2AFBFD2280C9D7001800F1 /* AppDelegate.swift in Sources */,
				DC2AFC1E2280CAEB001800F1 /* AlarmListTableViewController.swift in Sources */,
				DC2AFC292280D3F5001800F1 /* AlarmController.swift in Sources */,
			);
			runOnlyForDeploymentPostprocessing = 0;
		};
		DC2AFC092280C9D8001800F1 /* Sources */ = {
			isa = PBXSourcesBuildPhase;
			buildActionMask = 2147483647;
			files = (
				DC2AFC122280C9D8001800F1 /* AlarmTests.swift in Sources */,
			);
			runOnlyForDeploymentPostprocessing = 0;
		};
/* End PBXSourcesBuildPhase section */

/* Begin PBXTargetDependency section */
		DC2AFC0F2280C9D8001800F1 /* PBXTargetDependency */ = {
			isa = PBXTargetDependency;
			target = DC2AFBF82280C9D7001800F1 /* Alarm */;
			targetProxy = DC2AFC0E2280C9D8001800F1 /* PBXContainerItemProxy */;
		};
/* End PBXTargetDependency section */

/* Begin PBXVariantGroup section */
		DC2AFC002280C9D7001800F1 /* Main.storyboard */ = {
			isa = PBXVariantGroup;
			children = (
				DC2AFC012280C9D7001800F1 /* Base */,
			);
			name = Main.storyboard;
			sourceTree = "<group>";
		};
		DC2AFC052280C9D8001800F1 /* LaunchScreen.storyboard */ = {
			isa = PBXVariantGroup;
			children = (
				DC2AFC062280C9D8001800F1 /* Base */,
			);
			name = LaunchScreen.storyboard;
			sourceTree = "<group>";
		};
/* End PBXVariantGroup section */

/* Begin XCBuildConfiguration section */
		DC2AFC142280C9D8001800F1 /* Debug */ = {
			isa = XCBuildConfiguration;
			buildSettings = {
				ALWAYS_SEARCH_USER_PATHS = NO;
				CLANG_ANALYZER_NONNULL = YES;
				CLANG_ANALYZER_NUMBER_OBJECT_CONVERSION = YES_AGGRESSIVE;
				CLANG_CXX_LANGUAGE_STANDARD = "gnu++14";
				CLANG_CXX_LIBRARY = "libc++";
				CLANG_ENABLE_MODULES = YES;
				CLANG_ENABLE_OBJC_ARC = YES;
				CLANG_ENABLE_OBJC_WEAK = YES;
				CLANG_WARN_BLOCK_CAPTURE_AUTORELEASING = YES;
				CLANG_WARN_BOOL_CONVERSION = YES;
				CLANG_WARN_COMMA = YES;
				CLANG_WARN_CONSTANT_CONVERSION = YES;
				CLANG_WARN_DEPRECATED_OBJC_IMPLEMENTATIONS = YES;
				CLANG_WARN_DIRECT_OBJC_ISA_USAGE = YES_ERROR;
				CLANG_WARN_DOCUMENTATION_COMMENTS = YES;
				CLANG_WARN_EMPTY_BODY = YES;
				CLANG_WARN_ENUM_CONVERSION = YES;
				CLANG_WARN_INFINITE_RECURSION = YES;
				CLANG_WARN_INT_CONVERSION = YES;
				CLANG_WARN_NON_LITERAL_NULL_CONVERSION = YES;
				CLANG_WARN_OBJC_IMPLICIT_RETAIN_SELF = YES;
				CLANG_WARN_OBJC_LITERAL_CONVERSION = YES;
				CLANG_WARN_OBJC_ROOT_CLASS = YES_ERROR;
				CLANG_WARN_RANGE_LOOP_ANALYSIS = YES;
				CLANG_WARN_STRICT_PROTOTYPES = YES;
				CLANG_WARN_SUSPICIOUS_MOVE = YES;
				CLANG_WARN_UNGUARDED_AVAILABILITY = YES_AGGRESSIVE;
				CLANG_WARN_UNREACHABLE_CODE = YES;
				CLANG_WARN__DUPLICATE_METHOD_MATCH = YES;
				CODE_SIGN_IDENTITY = "iPhone Developer";
				COPY_PHASE_STRIP = NO;
				DEBUG_INFORMATION_FORMAT = dwarf;
				ENABLE_STRICT_OBJC_MSGSEND = YES;
				ENABLE_TESTABILITY = YES;
				GCC_C_LANGUAGE_STANDARD = gnu11;
				GCC_DYNAMIC_NO_PIC = NO;
				GCC_NO_COMMON_BLOCKS = YES;
				GCC_OPTIMIZATION_LEVEL = 0;
				GCC_PREPROCESSOR_DEFINITIONS = (
					"DEBUG=1",
					"$(inherited)",
				);
				GCC_WARN_64_TO_32_BIT_CONVERSION = YES;
				GCC_WARN_ABOUT_RETURN_TYPE = YES_ERROR;
				GCC_WARN_UNDECLARED_SELECTOR = YES;
				GCC_WARN_UNINITIALIZED_AUTOS = YES_AGGRESSIVE;
				GCC_WARN_UNUSED_FUNCTION = YES;
				GCC_WARN_UNUSED_VARIABLE = YES;
				IPHONEOS_DEPLOYMENT_TARGET = 12.2;
				MTL_ENABLE_DEBUG_INFO = INCLUDE_SOURCE;
				MTL_FAST_MATH = YES;
				ONLY_ACTIVE_ARCH = YES;
				SDKROOT = iphoneos;
				SWIFT_ACTIVE_COMPILATION_CONDITIONS = DEBUG;
				SWIFT_OPTIMIZATION_LEVEL = "-Onone";
			};
			name = Debug;
		};
		DC2AFC152280C9D8001800F1 /* Release */ = {
			isa = XCBuildConfiguration;
			buildSettings = {
				ALWAYS_SEARCH_USER_PATHS = NO;
				CLANG_ANALYZER_NONNULL = YES;
				CLANG_ANALYZER_NUMBER_OBJECT_CONVERSION = YES_AGGRESSIVE;
				CLANG_CXX_LANGUAGE_STANDARD = "gnu++14";
				CLANG_CXX_LIBRARY = "libc++";
				CLANG_ENABLE_MODULES = YES;
				CLANG_ENABLE_OBJC_ARC = YES;
				CLANG_ENABLE_OBJC_WEAK = YES;
				CLANG_WARN_BLOCK_CAPTURE_AUTORELEASING = YES;
				CLANG_WARN_BOOL_CONVERSION = YES;
				CLANG_WARN_COMMA = YES;
				CLANG_WARN_CONSTANT_CONVERSION = YES;
				CLANG_WARN_DEPRECATED_OBJC_IMPLEMENTATIONS = YES;
				CLANG_WARN_DIRECT_OBJC_ISA_USAGE = YES_ERROR;
				CLANG_WARN_DOCUMENTATION_COMMENTS = YES;
				CLANG_WARN_EMPTY_BODY = YES;
				CLANG_WARN_ENUM_CONVERSION = YES;
				CLANG_WARN_INFINITE_RECURSION = YES;
				CLANG_WARN_INT_CONVERSION = YES;
				CLANG_WARN_NON_LITERAL_NULL_CONVERSION = YES;
				CLANG_WARN_OBJC_IMPLICIT_RETAIN_SELF = YES;
				CLANG_WARN_OBJC_LITERAL_CONVERSION = YES;
				CLANG_WARN_OBJC_ROOT_CLASS = YES_ERROR;
				CLANG_WARN_RANGE_LOOP_ANALYSIS = YES;
				CLANG_WARN_STRICT_PROTOTYPES = YES;
				CLANG_WARN_SUSPICIOUS_MOVE = YES;
				CLANG_WARN_UNGUARDED_AVAILABILITY = YES_AGGRESSIVE;
				CLANG_WARN_UNREACHABLE_CODE = YES;
				CLANG_WARN__DUPLICATE_METHOD_MATCH = YES;
				CODE_SIGN_IDENTITY = "iPhone Developer";
				COPY_PHASE_STRIP = NO;
				DEBUG_INFORMATION_FORMAT = "dwarf-with-dsym";
				ENABLE_NS_ASSERTIONS = NO;
				ENABLE_STRICT_OBJC_MSGSEND = YES;
				GCC_C_LANGUAGE_STANDARD = gnu11;
				GCC_NO_COMMON_BLOCKS = YES;
				GCC_WARN_64_TO_32_BIT_CONVERSION = YES;
				GCC_WARN_ABOUT_RETURN_TYPE = YES_ERROR;
				GCC_WARN_UNDECLARED_SELECTOR = YES;
				GCC_WARN_UNINITIALIZED_AUTOS = YES_AGGRESSIVE;
				GCC_WARN_UNUSED_FUNCTION = YES;
				GCC_WARN_UNUSED_VARIABLE = YES;
				IPHONEOS_DEPLOYMENT_TARGET = 12.2;
				MTL_ENABLE_DEBUG_INFO = NO;
				MTL_FAST_MATH = YES;
				SDKROOT = iphoneos;
				SWIFT_COMPILATION_MODE = wholemodule;
				SWIFT_OPTIMIZATION_LEVEL = "-O";
				VALIDATE_PRODUCT = YES;
			};
			name = Release;
		};
		DC2AFC172280C9D8001800F1 /* Debug */ = {
			isa = XCBuildConfiguration;
			buildSettings = {
				ASSETCATALOG_COMPILER_APPICON_NAME = AppIcon;
				CODE_SIGN_STYLE = Automatic;
				DEVELOPMENT_TEAM = DT6NQCY8FM;
				INFOPLIST_FILE = "$(SRCROOT)/Alarm/Resources/Info.plist";
				LD_RUNPATH_SEARCH_PATHS = (
					"$(inherited)",
					"@executable_path/Frameworks",
				);
				PRODUCT_BUNDLE_IDENTIFIER = KadenDevMountain.Alarm;
				PRODUCT_NAME = "$(TARGET_NAME)";
				SWIFT_VERSION = 5.0;
				TARGETED_DEVICE_FAMILY = "1,2";
			};
			name = Debug;
		};
		DC2AFC182280C9D8001800F1 /* Release */ = {
			isa = XCBuildConfiguration;
			buildSettings = {
				ASSETCATALOG_COMPILER_APPICON_NAME = AppIcon;
				CODE_SIGN_STYLE = Automatic;
				DEVELOPMENT_TEAM = DT6NQCY8FM;
				INFOPLIST_FILE = "$(SRCROOT)/Alarm/Resources/Info.plist";
				LD_RUNPATH_SEARCH_PATHS = (
					"$(inherited)",
					"@executable_path/Frameworks",
				);
				PRODUCT_BUNDLE_IDENTIFIER = KadenDevMountain.Alarm;
				PRODUCT_NAME = "$(TARGET_NAME)";
				SWIFT_VERSION = 5.0;
				TARGETED_DEVICE_FAMILY = "1,2";
			};
			name = Release;
		};
		DC2AFC1A2280C9D8001800F1 /* Debug */ = {
			isa = XCBuildConfiguration;
			buildSettings = {
				ALWAYS_EMBED_SWIFT_STANDARD_LIBRARIES = YES;
				BUNDLE_LOADER = "$(TEST_HOST)";
				CODE_SIGN_STYLE = Automatic;
				DEVELOPMENT_TEAM = DT6NQCY8FM;
				INFOPLIST_FILE = AlarmTests/Info.plist;
				LD_RUNPATH_SEARCH_PATHS = (
					"$(inherited)",
					"@executable_path/Frameworks",
					"@loader_path/Frameworks",
				);
				PRODUCT_BUNDLE_IDENTIFIER = KadenDevMountain.AlarmTests;
				PRODUCT_NAME = "$(TARGET_NAME)";
				SWIFT_VERSION = 5.0;
				TARGETED_DEVICE_FAMILY = "1,2";
				TEST_HOST = "$(BUILT_PRODUCTS_DIR)/Alarm.app/Alarm";
			};
			name = Debug;
		};
		DC2AFC1B2280C9D8001800F1 /* Release */ = {
			isa = XCBuildConfiguration;
			buildSettings = {
				ALWAYS_EMBED_SWIFT_STANDARD_LIBRARIES = YES;
				BUNDLE_LOADER = "$(TEST_HOST)";
				CODE_SIGN_STYLE = Automatic;
				DEVELOPMENT_TEAM = DT6NQCY8FM;
				INFOPLIST_FILE = AlarmTests/Info.plist;
				LD_RUNPATH_SEARCH_PATHS = (
					"$(inherited)",
					"@executable_path/Frameworks",
					"@loader_path/Frameworks",
				);
				PRODUCT_BUNDLE_IDENTIFIER = KadenDevMountain.AlarmTests;
				PRODUCT_NAME = "$(TARGET_NAME)";
				SWIFT_VERSION = 5.0;
				TARGETED_DEVICE_FAMILY = "1,2";
				TEST_HOST = "$(BUILT_PRODUCTS_DIR)/Alarm.app/Alarm";
			};
			name = Release;
		};
/* End XCBuildConfiguration section */

/* Begin XCConfigurationList section */
		DC2AFBF42280C9D7001800F1 /* Build configuration list for PBXProject "Alarm" */ = {
			isa = XCConfigurationList;
			buildConfigurations = (
				DC2AFC142280C9D8001800F1 /* Debug */,
				DC2AFC152280C9D8001800F1 /* Release */,
			);
			defaultConfigurationIsVisible = 0;
			defaultConfigurationName = Release;
		};
		DC2AFC162280C9D8001800F1 /* Build configuration list for PBXNativeTarget "Alarm" */ = {
			isa = XCConfigurationList;
			buildConfigurations = (
				DC2AFC172280C9D8001800F1 /* Debug */,
				DC2AFC182280C9D8001800F1 /* Release */,
			);
			defaultConfigurationIsVisible = 0;
			defaultConfigurationName = Release;
		};
		DC2AFC192280C9D8001800F1 /* Build configuration list for PBXNativeTarget "AlarmTests" */ = {
			isa = XCConfigurationList;
			buildConfigurations = (
				DC2AFC1A2280C9D8001800F1 /* Debug */,
				DC2AFC1B2280C9D8001800F1 /* Release */,
			);
			defaultConfigurationIsVisible = 0;
			defaultConfigurationName = Release;
		};
/* End XCConfigurationList section */
	};
	rootObject = DC2AFBF12280C9D7001800F1 /* Project object */;
}
